
Microsoft Visual Studio Solution File, Format Version 12.00
# Visual Studio Version 16
VisualStudioVersion = 16.0.32510.428
MinimumVisualStudioVersion = 10.0.40219.1
Project("{FAE04EC0-301F-11D3-BF4B-00C04F79EFBC}") = "SR Creator", "SR Creator\SR Creator.csproj", "{E3167C06-03E7-438E-8BF4-CE7108EE9386}"
EndProject
Global
	GlobalSection(SolutionConfigurationPlatforms) = preSolution
		Debug|Any CPU = Debug|Any CPU
		Release|Any CPU = Release|Any CPU
	EndGlobalSection
	GlobalSection(ProjectConfigurationPlatforms) = postSolution
		{E3167C06-03E7-438E-8BF4-CE7108EE9386}.Debug|Any CPU.ActiveCfg = Debug|Any CPU
		{E3167C06-03E7-438E-8BF4-CE7108EE9386}.Debug|Any CPU.Build.0 = Debug|Any CPU
		{E3167C06-03E7-438E-8BF4-CE7108EE9386}.Release|Any CPU.ActiveCfg = Release|Any CPU
		{E3167C06-03E7-438E-8BF4-CE7108EE9386}.Release|Any CPU.Build.0 = Release|Any CPU
	EndGlobalSection
	GlobalSection(SolutionProperties) = preSolution
		HideSolutionNode = FALSE
	EndGlobalSection
	GlobalSection(ExtensibilityGlobals) = postSolution
		SolutionGuid = {8C62CA53-8080-4D0E-AD96-952210EED860}
	EndGlobalSection
EndGlobal
